<?xml version="1.0" encoding="UTF-8"?>
<CONFIG>
  <ProjectOptions>
    <Version Value="12"/>
    <PathDelim Value="\"/>
    <General>
      <SessionStorage Value="InProjectDir"/>
      <Title Value="prjOrcamento"/>
      <Scaled Value="True"/>
      <ResourceType Value="res"/>
      <UseXPManifest Value="True"/>
      <XPManifest>
        <DpiAware Value="True"/>
      </XPManifest>
      <Icon Value="0"/>
    </General>
    <BuildModes>
      <Item Name="Default" Default="True"/>
    </BuildModes>
    <PublishOptions>
      <Version Value="2"/>
      <UseFileFilters Value="True"/>
    </PublishOptions>
    <RunParams>
      <FormatVersion Value="2"/>
    </RunParams>
    <RequiredPackages>
      <Item>
        <PackageName Value="lazreport"/>
      </Item>
      <Item>
        <PackageName Value="FCL"/>
      </Item>
      <Item>
        <PackageName Value="zcomponent"/>
      </Item>
      <Item>
        <PackageName Value="LCL"/>
      </Item>
    </RequiredPackages>
    <Units>
      <Unit>
        <Filename Value="prjOrcamento.lpr"/>
        <IsPartOfProject Value="True"/>
      </Unit>
      <Unit>
        <Filename Value="cadmodelo.pas"/>
        <IsPartOfProject Value="True"/>
        <ComponentName Value="cadModeloF"/>
        <HasResources Value="True"/>
        <ResourceBaseClass Value="Form"/>
        <UnitName Value="cadModelo"/>
      </Unit>
      <Unit>
        <Filename Value="menuprincipal.pas"/>
        <IsPartOfProject Value="True"/>
        <ComponentName Value="MenuPrincipalF"/>
        <HasResources Value="True"/>
        <ResourceBaseClass Value="Form"/>
        <UnitName Value="menuPrincipal"/>
      </Unit>
      <Unit>
        <Filename Value="cadcategoria.pas"/>
        <IsPartOfProject Value="True"/>
        <ComponentName Value="cadCategoriaF"/>
        <HasResources Value="True"/>
        <ResourceBaseClass Value="Form"/>
        <UnitName Value="cadCategoria"/>
      </Unit>
      <Unit>
        <Filename Value="datamodule.pas"/>
        <IsPartOfProject Value="True"/>
        <ComponentName Value="DataModuleF"/>
        <HasResources Value="True"/>
        <ResourceBaseClass Value="DataModule"/>
        <UnitName Value="dataModule"/>
      </Unit>
      <Unit>
        <Filename Value="cadcliente.pas"/>
        <IsPartOfProject Value="True"/>
        <ComponentName Value="cadClienteF"/>
        <HasResources Value="True"/>
        <ResourceBaseClass Value="Form"/>
        <UnitName Value="cadCliente"/>
      </Unit>
      <Unit>
        <Filename Value="cadproduto.pas"/>
        <IsPartOfProject Value="True"/>
        <ComponentName Value="cadProdutoF"/>
        <HasResources Value="True"/>
        <ResourceBaseClass Value="Form"/>
        <UnitName Value="cadProduto"/>
      </Unit>
      <Unit>
        <Filename Value="cadusuario.pas"/>
        <IsPartOfProject Value="True"/>
        <ComponentName Value="cadUsuarioF"/>
        <HasResources Value="True"/>
        <ResourceBaseClass Value="Form"/>
        <UnitName Value="cadUsuario"/>
      </Unit>
      <Unit>
        <Filename Value="orcamento.pas"/>
        <IsPartOfProject Value="True"/>
        <ComponentName Value="orcamentoF"/>
        <HasResources Value="True"/>
        <ResourceBaseClass Value="Form"/>
      </Unit>
      <Unit>
        <Filename Value="caditemorc.pas"/>
        <IsPartOfProject Value="True"/>
        <ComponentName Value="cadItemOrcF"/>
        <HasResources Value="True"/>
        <ResourceBaseClass Value="Form"/>
        <UnitName Value="cadItemOrc"/>
      </Unit>
      <Unit>
        <Filename Value="pesqprod.pas"/>
        <IsPartOfProject Value="True"/>
        <ComponentName Value="pesqProdF"/>
        <HasResources Value="True"/>
        <ResourceBaseClass Value="Form"/>
        <UnitName Value="pesqProd"/>
      </Unit>
      <Unit>
        <Filename Value="pesqcli.pas"/>
        <IsPartOfProject Value="True"/>
        <ComponentName Value="PesqCliF"/>
        <HasResources Value="True"/>
        <ResourceBaseClass Value="Form"/>
        <UnitName Value="pesqCli"/>
      </Unit>
      <Unit>
        <Filename Value="relclientes.pas"/>
        <IsPartOfProject Value="True"/>
        <ComponentName Value="relClientesF"/>
        <HasResources Value="True"/>
        <ResourceBaseClass Value="Form"/>
        <UnitName Value="relClientes"/>
      </Unit>
      <Unit>
        <Filename Value="relprodutos.pas"/>
        <IsPartOfProject Value="True"/>
        <ComponentName Value="relProdutosF"/>
        <HasResources Value="True"/>
        <ResourceBaseClass Value="Form"/>
        <UnitName Value="relProdutos"/>
      </Unit>
      <Unit>
        <Filename Value="relorcamentos.pas"/>
        <IsPartOfProject Value="True"/>
        <ComponentName Value="relOrcamentosF"/>
        <HasResources Value="True"/>
        <ResourceBaseClass Value="Form"/>
        <UnitName Value="relOrcamentos"/>
      </Unit>
      <Unit>
        <Filename Value="relcategorias.pas"/>
        <IsPartOfProject Value="True"/>
        <ComponentName Value="relCategoriasF"/>
        <HasResources Value="True"/>
        <ResourceBaseClass Value="Form"/>
        <UnitName Value="relCategorias"/>
      </Unit>
      <Unit>
        <Filename Value="impressao.pas"/>
        <IsPartOfProject Value="True"/>
        <ComponentName Value="impressaoOrcamentoF"/>
        <HasResources Value="True"/>
        <ResourceBaseClass Value="Form"/>
      </Unit>
      <Unit>
        <Filename Value="sobre.pas"/>
        <IsPartOfProject Value="True"/>
        <ComponentName Value="SobreF"/>
        <HasResources Value="True"/>
        <ResourceBaseClass Value="Form"/>
      </Unit>
      <Unit>
        <Filename Value="login.pas"/>
        <IsPartOfProject Value="True"/>
        <ComponentName Value="LoginF"/>
        <ResourceBaseClass Value="Form"/>
      </Unit>
    </Units>
  </ProjectOptions>
  <CompilerOptions>
    <Version Value="11"/>
    <PathDelim Value="\"/>
    <Target>
      <Filename Value="prjOrcamento"/>
    </Target>
    <SearchPaths>
      <IncludeFiles Value="$(ProjOutDir)"/>
      <UnitOutputDirectory Value="lib\$(TargetCPU)-$(TargetOS)"/>
    </SearchPaths>
    <Linking>
      <Debugging>
        <DebugInfoType Value="dsDwarf2Set"/>
      </Debugging>
      <Options>
        <Win32>
          <GraphicApplication Value="True"/>
        </Win32>
      </Options>
    </Linking>
  </CompilerOptions>
  <Debugging>
    <Exceptions>
      <Item>
        <Name Value="EAbort"/>
      </Item>
      <Item>
        <Name Value="ECodetoolError"/>
      </Item>
      <Item>
        <Name Value="EFOpenError"/>
      </Item>
    </Exceptions>
  </Debugging>
</CONFIG>
